# THIS IS AN AUTOGENERATED FILE. DO NOT EDIT THIS FILE DIRECTLY.
# yarn lockfile v1


"@ardatan/aggregate-error@0.0.6":
  version "0.0.6"
  resolved "https://registry.yarnpkg.com/@ardatan/aggregate-error/-/aggregate-error-0.0.6.tgz#fe6924771ea40fc98dc7a7045c2e872dc8527609"
  integrity sha512-vyrkEHG1jrukmzTPtyWB4NLPauUw5bQeg4uhn8f+1SSynmrOcyvlb1GKQjjgoBzElLdfXCRYX8UnBlhklOHYRQ==
  dependencies:
    tslib "~2.0.1"

"@graphql-tools/batch-delegate@^7.0.0":
  version "7.0.2"
  resolved "https://registry.yarnpkg.com/@graphql-tools/batch-delegate/-/batch-delegate-7.0.2.tgz#e18bfe3f545c60c03b0bc079fe4bfa8f208b1631"
  integrity sha512-Dn1LKcbZfgttfxW1V7E3JYrLGCWOhtPC+HkxBRrvzxkesxqDbgaOH8X4rsx3Po8AQD49J0eLdg9KXa0yF20VCA==
  dependencies:
    "@graphql-tools/delegate" "^7.0.10"
    dataloader "2.0.0"
    tslib "~2.1.0"

"@graphql-tools/batch-execute@^7.1.2":
  version "7.1.2"
  resolved "https://registry.yarnpkg.com/@graphql-tools/batch-execute/-/batch-execute-7.1.2.tgz#35ba09a1e0f80f34f1ce111d23c40f039d4403a0"
  integrity sha512-IuR2SB2MnC2ztA/XeTMTfWcA0Wy7ZH5u+nDkDNLAdX+AaSyDnsQS35sCmHqG0VOGTl7rzoyBWLCKGwSJplgtwg==
  dependencies:
    "@graphql-tools/utils" "^7.7.0"
    dataloader "2.0.0"
    tslib "~2.2.0"
    value-or-promise "1.0.6"

"@graphql-tools/delegate@^7.0.10", "@graphql-tools/delegate@^7.1.4", "@graphql-tools/delegate@^7.1.5":
  version "7.1.5"
  resolved "https://registry.yarnpkg.com/@graphql-tools/delegate/-/delegate-7.1.5.tgz#0b027819b7047eff29bacbd5032e34a3d64bd093"
  integrity sha512-bQu+hDd37e+FZ0CQGEEczmRSfQRnnXeUxI/0miDV+NV/zCbEdIJj5tYFNrKT03W6wgdqx8U06d8L23LxvGri/g==
  dependencies:
    "@ardatan/aggregate-error" "0.0.6"
    "@graphql-tools/batch-execute" "^7.1.2"
    "@graphql-tools/schema" "^7.1.5"
    "@graphql-tools/utils" "^7.7.1"
    dataloader "2.0.0"
    tslib "~2.2.0"
    value-or-promise "1.0.6"

"@graphql-tools/merge@^6.2.11", "@graphql-tools/merge@^6.2.14":
  version "6.2.14"
  resolved "https://registry.yarnpkg.com/@graphql-tools/merge/-/merge-6.2.14.tgz#694e2a2785ba47558e5665687feddd2935e9d94e"
  integrity sha512-RWT4Td0ROJai2eR66NHejgf8UwnXJqZxXgDWDI+7hua5vNA2OW8Mf9K1Wav1ZkjWnuRp4ztNtkZGie5ISw55ow==
  dependencies:
    "@graphql-tools/schema" "^7.0.0"
    "@graphql-tools/utils" "^7.7.0"
    tslib "~2.2.0"

"@graphql-tools/schema@^7.0.0", "@graphql-tools/schema@^7.1.4", "@graphql-tools/schema@^7.1.5":
  version "7.1.5"
  resolved "https://registry.yarnpkg.com/@graphql-tools/schema/-/schema-7.1.5.tgz#07b24e52b182e736a6b77c829fc48b84d89aa711"
  integrity sha512-uyn3HSNSckf4mvQSq0Q07CPaVZMNFCYEVxroApOaw802m9DcZPgf9XVPy/gda5GWj9AhbijfRYVTZQgHnJ4CXA==
  dependencies:
    "@graphql-tools/utils" "^7.1.2"
    tslib "~2.2.0"
    value-or-promise "1.0.6"

"@graphql-tools/stitch@^7.5.3":
  version "7.5.3"
  resolved "https://registry.yarnpkg.com/@graphql-tools/stitch/-/stitch-7.5.3.tgz#1b339942ebb93ea4e9da248439b8cf06660688cc"
  integrity sha512-0oBdNFkviWRs0OkQiGow6THjRtDbiSOljCxCtkwF+C+bB/yLEPCNatTMo3ZR51twWBRPFgMwHZbSVbhRlK51kw==
  dependencies:
    "@graphql-tools/batch-delegate" "^7.0.0"
    "@graphql-tools/delegate" "^7.1.4"
    "@graphql-tools/merge" "^6.2.11"
    "@graphql-tools/schema" "^7.1.4"
    "@graphql-tools/utils" "^7.7.0"
    "@graphql-tools/wrap" "^7.0.6"
    tslib "~2.2.0"

"@graphql-tools/utils@^7.1.2", "@graphql-tools/utils@^7.7.0", "@graphql-tools/utils@^7.7.1", "@graphql-tools/utils@^7.8.1":
  version "7.9.1"
  resolved "https://registry.yarnpkg.com/@graphql-tools/utils/-/utils-7.9.1.tgz#265e12a0b8a396be97f459599f2f1150fceee4b1"
  integrity sha512-k4bQWsOnSJSW7suBnVUJf3Sc8uXuvIYLHXujbEoSrwOEHjC+707GvXbQ7rg+8l7v8NMgpyARyuKFlqz3cfoxBQ==
  dependencies:
    "@ardatan/aggregate-error" "0.0.6"
    camel-case "4.1.2"
    tslib "~2.2.0"

"@graphql-tools/wrap@^7.0.6", "@graphql-tools/wrap@^7.0.8":
  version "7.0.8"
  resolved "https://registry.yarnpkg.com/@graphql-tools/wrap/-/wrap-7.0.8.tgz#ad41e487135ca3ea1ae0ea04bb3f596177fb4f50"
  integrity sha512-1NDUymworsOlb53Qfh7fonDi2STvqCtbeE68ntKY9K/Ju/be2ZNxrFSbrBHwnxWcN9PjISNnLcAyJ1L5tCUyhg==
  dependencies:
    "@graphql-tools/delegate" "^7.1.5"
    "@graphql-tools/schema" "^7.1.5"
    "@graphql-tools/utils" "^7.8.1"
    tslib "~2.2.0"
    value-or-promise "1.0.6"

camel-case@4.1.2:
  version "4.1.2"
  resolved "https://registry.yarnpkg.com/camel-case/-/camel-case-4.1.2.tgz#9728072a954f805228225a6deea6b38461e1bd5a"
  integrity sha512-gxGWBrTT1JuMx6R+o5PTXMmUnhnVzLQ9SNutD4YqKtI6ap897t3tKECYla6gCWEkplXnlNybEkZg9GEGxKFCgw==
  dependencies:
    pascal-case "^3.1.2"
    tslib "^2.0.3"

dataloader@2.0.0:
  version "2.0.0"
  resolved "https://registry.yarnpkg.com/dataloader/-/dataloader-2.0.0.tgz#41eaf123db115987e21ca93c005cd7753c55fe6f"
  integrity sha512-YzhyDAwA4TaQIhM5go+vCLmU0UikghC/t9DTQYZR2M/UvZ1MdOhPezSDZcjj9uqQJOMqjLcpWtyW2iNINdlatQ==

graphql@^15.5.0:
  version "15.5.0"
  resolved "https://registry.yarnpkg.com/graphql/-/graphql-15.5.0.tgz#39d19494dbe69d1ea719915b578bf920344a69d5"
  integrity sha512-OmaM7y0kaK31NKG31q4YbD2beNYa6jBBKtMFT6gLYJljHLJr42IqJ8KX08u3Li/0ifzTU5HjmoOOrwa5BRLeDA==

lower-case@^2.0.2:
  version "2.0.2"
  resolved "https://registry.yarnpkg.com/lower-case/-/lower-case-2.0.2.tgz#6fa237c63dbdc4a82ca0fd882e4722dc5e634e28"
  integrity sha512-7fm3l3NAF9WfN6W3JOmf5drwpVqX78JtoGJ3A6W0a6ZnldM41w2fV5D490psKFTpMds8TJse/eHLFFsNHHjHgg==
  dependencies:
    tslib "^2.0.3"

no-case@^3.0.4:
  version "3.0.4"
  resolved "https://registry.yarnpkg.com/no-case/-/no-case-3.0.4.tgz#d361fd5c9800f558551a8369fc0dcd4662b6124d"
  integrity sha512-fgAN3jGAh+RoxUGZHTSOLJIqUc2wmoBwGR4tbpNAKmmovFoWq0OdRkb0VkldReO2a2iBT/OEulG9XSUc10r3zg==
  dependencies:
    lower-case "^2.0.2"
    tslib "^2.0.3"

pascal-case@^3.1.2:
  version "3.1.2"
  resolved "https://registry.yarnpkg.com/pascal-case/-/pascal-case-3.1.2.tgz#b48e0ef2b98e205e7c1dae747d0b1508237660eb"
  integrity sha512-uWlGT3YSnK9x3BQJaOdcZwrnV6hPpd8jFH1/ucpiLRPh/2zCVJKS19E4GvYHvaCcACn3foXZ0cLB9Wrx1KGe5g==
  dependencies:
    no-case "^3.0.4"
    tslib "^2.0.3"

tslib@^2.0.3, tslib@~2.2.0:
  version "2.2.0"
  resolved "https://registry.yarnpkg.com/tslib/-/tslib-2.2.0.tgz#fb2c475977e35e241311ede2693cee1ec6698f5c"
  integrity sha512-gS9GVHRU+RGn5KQM2rllAlR3dU6m7AcpJKdtH8gFvQiC4Otgk98XnmMU+nZenHt/+VhnBPWwgrJsyrdcw6i23w==

tslib@~2.0.1:
  version "2.0.3"
  resolved "https://registry.yarnpkg.com/tslib/-/tslib-2.0.3.tgz#8e0741ac45fc0c226e58a17bfc3e64b9bc6ca61c"
  integrity sha512-uZtkfKblCEQtZKBF6EBXVZeQNl82yqtDQdv+eck8u7tdPxjLu2/lp5/uPW+um2tpuxINHWy3GhiccY7QgEaVHQ==

tslib@~2.1.0:
  version "2.1.0"
  resolved "https://registry.yarnpkg.com/tslib/-/tslib-2.1.0.tgz#da60860f1c2ecaa5703ab7d39bc05b6bf988b97a"
  integrity sha512-hcVC3wYEziELGGmEEXue7D75zbwIIVUMWAVbHItGPx0ziyXxrOMQx4rQEVEV45Ut/1IotuEvwqPopzIOkDMf0A==

value-or-promise@1.0.6:
  version "1.0.6"
  resolved "https://registry.yarnpkg.com/value-or-promise/-/value-or-promise-1.0.6.tgz#218aa4794aa2ee24dcf48a29aba4413ed584747f"
  integrity sha512-9r0wQsWD8z/BxPOvnwbPf05ZvFngXyouE9EKB+5GbYix+BYnAwrIChCUyFIinfbf2FL/U71z+CPpbnmTdxrwBg==
